// !$*UTF8*$!
{
	archiveVersion = 1;
	classes = {
	};
	objectVersion = 46;
	objects = {

/* Begin PBXBuildFile section */
		5657647831B36EFD42ACCA80 /* Pods_Down_To_Discuss.framework in Frameworks */ = {isa = PBXBuildFile; fileRef = 6B77C73C7AFC8085C82F6C3F /* Pods_Down_To_Discuss.framework */; };
		95E1F2D677F9AFC5E2BFBBE6 /* Pods_Down_To_DiscussTests.framework in Frameworks */ = {isa = PBXBuildFile; fileRef = 94C5C75C0EA9C54648651069 /* Pods_Down_To_DiscussTests.framework */; };
		DF11697F1FC8C49600C4554C /* HostProfileController.swift in Sources */ = {isa = PBXBuildFile; fileRef = DF11697E1FC8C49600C4554C /* HostProfileController.swift */; };
		DF1169811FC8D51900C4554C /* ReviewViewController.swift in Sources */ = {isa = PBXBuildFile; fileRef = DF1169801FC8D51900C4554C /* ReviewViewController.swift */; };
		DF1169831FC8E52900C4554C /* HostInfoController.swift in Sources */ = {isa = PBXBuildFile; fileRef = DF1169821FC8E52900C4554C /* HostInfoController.swift */; };
		DF1169871FC95EED00C4554C /* Review.swift in Sources */ = {isa = PBXBuildFile; fileRef = DF1169861FC95EEC00C4554C /* Review.swift */; };
		DF116C911FBC24AD00C3C740 /* LoginController.swift in Sources */ = {isa = PBXBuildFile; fileRef = DF116C901FBC24AD00C3C740 /* LoginController.swift */; };
		DF116C931FBC2EC700C3C740 /* ProfileController.swift in Sources */ = {isa = PBXBuildFile; fileRef = DF116C921FBC2EC700C3C740 /* ProfileController.swift */; };
		DF62D4921FC9FF3900E4F8F3 /* LocationSearchTable.swift in Sources */ = {isa = PBXBuildFile; fileRef = DF62D4911FC9FF3900E4F8F3 /* LocationSearchTable.swift */; };
		DF696C301FB99AF0006A3DAA /* 4.jpg in Resources */ = {isa = PBXBuildFile; fileRef = DF696C2A1FB99AEE006A3DAA /* 4.jpg */; };
		DF696C311FB99AF0006A3DAA /* 1.jpg in Resources */ = {isa = PBXBuildFile; fileRef = DF696C2B1FB99AEE006A3DAA /* 1.jpg */; };
		DF696C321FB99AF0006A3DAA /* 6.jpg in Resources */ = {isa = PBXBuildFile; fileRef = DF696C2C1FB99AEF006A3DAA /* 6.jpg */; };
		DF696C331FB99AF0006A3DAA /* 2.jpg in Resources */ = {isa = PBXBuildFile; fileRef = DF696C2D1FB99AEF006A3DAA /* 2.jpg */; };
		DF696C341FB99AF0006A3DAA /* 3.jpg in Resources */ = {isa = PBXBuildFile; fileRef = DF696C2E1FB99AEF006A3DAA /* 3.jpg */; };
		DF696C351FB99AF0006A3DAA /* 5.jpg in Resources */ = {isa = PBXBuildFile; fileRef = DF696C2F1FB99AEF006A3DAA /* 5.jpg */; };
		DF6C4FAB1FAC1A0E003CBE57 /* AppDelegate.swift in Sources */ = {isa = PBXBuildFile; fileRef = DF6C4FAA1FAC1A0E003CBE57 /* AppDelegate.swift */; };
		DF6C4FAD1FAC1A0E003CBE57 /* Leaderboard.swift in Sources */ = {isa = PBXBuildFile; fileRef = DF6C4FAC1FAC1A0E003CBE57 /* Leaderboard.swift */; };
		DF6C4FAF1FAC1A0E003CBE57 /* Home.swift in Sources */ = {isa = PBXBuildFile; fileRef = DF6C4FAE1FAC1A0E003CBE57 /* Home.swift */; };
		DF6C4FB21FAC1A0E003CBE57 /* Main.storyboard in Resources */ = {isa = PBXBuildFile; fileRef = DF6C4FB01FAC1A0E003CBE57 /* Main.storyboard */; };
		DF6C4FB41FAC1A0E003CBE57 /* Assets.xcassets in Resources */ = {isa = PBXBuildFile; fileRef = DF6C4FB31FAC1A0E003CBE57 /* Assets.xcassets */; };
		DF6C4FB71FAC1A0E003CBE57 /* LaunchScreen.storyboard in Resources */ = {isa = PBXBuildFile; fileRef = DF6C4FB51FAC1A0E003CBE57 /* LaunchScreen.storyboard */; };
		DF6C4FC21FAC1A0E003CBE57 /* Down_To_DiscussTests.swift in Sources */ = {isa = PBXBuildFile; fileRef = DF6C4FC11FAC1A0E003CBE57 /* Down_To_DiscussTests.swift */; };
		DF737C1D1FC50428008041E5 /* TutorialContentViewController.swift in Sources */ = {isa = PBXBuildFile; fileRef = DF737C1C1FC50428008041E5 /* TutorialContentViewController.swift */; };
		DF737C1F1FC510F2008041E5 /* TutorialViewController.swift in Sources */ = {isa = PBXBuildFile; fileRef = DF737C1E1FC510F2008041E5 /* TutorialViewController.swift */; };
		DFBB23091FBC614300FFC70B /* HostConfirmController.swift in Sources */ = {isa = PBXBuildFile; fileRef = DFBB23081FBC614300FFC70B /* HostConfirmController.swift */; };
		DFBB230B1FBC619A00FFC70B /* HostNotifiedController.swift in Sources */ = {isa = PBXBuildFile; fileRef = DFBB230A1FBC619A00FFC70B /* HostNotifiedController.swift */; };
		DFBB230D1FBC6BAB00FFC70B /* UserRejectedController.swift in Sources */ = {isa = PBXBuildFile; fileRef = DFBB230C1FBC6BAB00FFC70B /* UserRejectedController.swift */; };
		DFBB230F1FBC6BF400FFC70B /* DiscussionInProgressController.swift in Sources */ = {isa = PBXBuildFile; fileRef = DFBB230E1FBC6BF400FFC70B /* DiscussionInProgressController.swift */; };
		DFE168AD1FB106F500D580B5 /* Events.swift in Sources */ = {isa = PBXBuildFile; fileRef = DFE168AC1FB106F500D580B5 /* Events.swift */; };
		DFE168AF1FB1537200D580B5 /* MapAnnotations.swift in Sources */ = {isa = PBXBuildFile; fileRef = DFE168AE1FB1537200D580B5 /* MapAnnotations.swift */; };
		DFE168B51FB1D32F00D580B5 /* emptyStar.png in Resources */ = {isa = PBXBuildFile; fileRef = DFE168B41FB1D32F00D580B5 /* emptyStar.png */; };
		DFE168B71FB1D34C00D580B5 /* star-128.png in Resources */ = {isa = PBXBuildFile; fileRef = DFE168B61FB1D34C00D580B5 /* star-128.png */; };
		DFE168BD1FB1D4C200D580B5 /* fiveStars.png in Resources */ = {isa = PBXBuildFile; fileRef = DFE168B81FB1D4C200D580B5 /* fiveStars.png */; };
		DFE168BE1FB1D4C200D580B5 /* fourStars.png in Resources */ = {isa = PBXBuildFile; fileRef = DFE168B91FB1D4C200D580B5 /* fourStars.png */; };
		DFE168BF1FB1D4C200D580B5 /* oneStar.png in Resources */ = {isa = PBXBuildFile; fileRef = DFE168BA1FB1D4C200D580B5 /* oneStar.png */; };
		DFE168C01FB1D4C200D580B5 /* threeStars.png in Resources */ = {isa = PBXBuildFile; fileRef = DFE168BB1FB1D4C200D580B5 /* threeStars.png */; };
		DFE168C11FB1D4C200D580B5 /* twoStars.png in Resources */ = {isa = PBXBuildFile; fileRef = DFE168BC1FB1D4C200D580B5 /* twoStars.png */; };
		DFE168C31FB1D78900D580B5 /* defaultProfile.png in Resources */ = {isa = PBXBuildFile; fileRef = DFE168C21FB1D78900D580B5 /* defaultProfile.png */; };
		DFE168C51FB1E68C00D580B5 /* DiscussionEndPopUpController.swift in Sources */ = {isa = PBXBuildFile; fileRef = DFE168C41FB1E68C00D580B5 /* DiscussionEndPopUpController.swift */; };
		DFE168C91FB2A03100D580B5 /* ArrivedViewController.swift in Sources */ = {isa = PBXBuildFile; fileRef = DFE168C81FB2A03100D580B5 /* ArrivedViewController.swift */; };
		DFE168CB1FB2A65800D580B5 /* blueCircle.png in Resources */ = {isa = PBXBuildFile; fileRef = DFE168CA1FB2A65800D580B5 /* blueCircle.png */; };
		DFE168CD1FB2DC4100D580B5 /* OwnerPointsViewController.swift in Sources */ = {isa = PBXBuildFile; fileRef = DFE168CC1FB2DC4100D580B5 /* OwnerPointsViewController.swift */; };
		DFE52CEC1FAC290E00AFD3B8 /* Profile.swift in Sources */ = {isa = PBXBuildFile; fileRef = DFE52CEB1FAC290E00AFD3B8 /* Profile.swift */; };
		DFE52CEE1FAC2BA300AFD3B8 /* MainTabBarController.swift in Sources */ = {isa = PBXBuildFile; fileRef = DFE52CED1FAC2BA300AFD3B8 /* MainTabBarController.swift */; };
		DFE52CF01FAC30E600AFD3B8 /* closeUpMap.tiff in Resources */ = {isa = PBXBuildFile; fileRef = DFE52CEF1FAC30E600AFD3B8 /* closeUpMap.tiff */; };
		DFE52CF21FAC383E00AFD3B8 /* PopUpViewController.swift in Sources */ = {isa = PBXBuildFile; fileRef = DFE52CF11FAC383E00AFD3B8 /* PopUpViewController.swift */; };
		DFE52CF41FACE5B400AFD3B8 /* DataModel.swift in Sources */ = {isa = PBXBuildFile; fileRef = DFE52CF31FACE5B400AFD3B8 /* DataModel.swift */; };
		DFE52CF71FAE3BE800AFD3B8 /* MapKit.framework in Frameworks */ = {isa = PBXBuildFile; fileRef = DFE52CF61FAE3BE800AFD3B8 /* MapKit.framework */; };
		DFE52CF91FAE6D8600AFD3B8 /* CoreLocation.framework in Frameworks */ = {isa = PBXBuildFile; fileRef = DFE52CF81FAE6D8600AFD3B8 /* CoreLocation.framework */; };
		DFE52CFB1FAE817F00AFD3B8 /* Rectangle.png in Resources */ = {isa = PBXBuildFile; fileRef = DFE52CFA1FAE817F00AFD3B8 /* Rectangle.png */; };
		DFE52CFE1FAE830A00AFD3B8 /* cancelButton.png in Resources */ = {isa = PBXBuildFile; fileRef = DFE52CFC1FAE830A00AFD3B8 /* cancelButton.png */; };
		DFE52CFF1FAE830A00AFD3B8 /* create.png in Resources */ = {isa = PBXBuildFile; fileRef = DFE52CFD1FAE830A00AFD3B8 /* create.png */; };
		DFE52D011FAE88ED00AFD3B8 /*  Back Arrow.png in Resources */ = {isa = PBXBuildFile; fileRef = DFE52D001FAE88ED00AFD3B8 /*  Back Arrow.png */; };
		DFE52D071FB009E700AFD3B8 /* IntenseTopics.swift in Sources */ = {isa = PBXBuildFile; fileRef = DFE52D061FB009E700AFD3B8 /* IntenseTopics.swift */; };
		DFE52D091FB0260700AFD3B8 /* CreateDiscussion.swift in Sources */ = {isa = PBXBuildFile; fileRef = DFE52D081FB0260700AFD3B8 /* CreateDiscussion.swift */; };
		DFE52D0B1FB0439B00AFD3B8 /* FunTopics.swift in Sources */ = {isa = PBXBuildFile; fileRef = DFE52D0A1FB0439B00AFD3B8 /* FunTopics.swift */; };
		DFE54C901FBA35F0005B0184 /* GoogleService-Info.plist in Resources */ = {isa = PBXBuildFile; fileRef = DFE54C8F1FBA35EF005B0184 /* GoogleService-Info.plist */; };
/* End PBXBuildFile section */

/* Begin PBXContainerItemProxy section */
		DF6C4FBE1FAC1A0E003CBE57 /* PBXContainerItemProxy */ = {
			isa = PBXContainerItemProxy;
			containerPortal = DF6C4F9F1FAC1A0E003CBE57 /* Project object */;
			proxyType = 1;
			remoteGlobalIDString = DF6C4FA61FAC1A0E003CBE57;
			remoteInfo = "Down To Discuss";
		};
/* End PBXContainerItemProxy section */

/* Begin PBXFileReference section */
		233F97DDB55F293F27BFA464 /* Pods-Down To Discuss.release.xcconfig */ = {isa = PBXFileReference; includeInIndex = 1; lastKnownFileType = text.xcconfig; name = "Pods-Down To Discuss.release.xcconfig"; path = "Pods/Target Support Files/Pods-Down To Discuss/Pods-Down To Discuss.release.xcconfig"; sourceTree = "<group>"; };
		6B77C73C7AFC8085C82F6C3F /* Pods_Down_To_Discuss.framework */ = {isa = PBXFileReference; explicitFileType = wrapper.framework; includeInIndex = 0; path = Pods_Down_To_Discuss.framework; sourceTree = BUILT_PRODUCTS_DIR; };
		94C5C75C0EA9C54648651069 /* Pods_Down_To_DiscussTests.framework */ = {isa = PBXFileReference; explicitFileType = wrapper.framework; includeInIndex = 0; path = Pods_Down_To_DiscussTests.framework; sourceTree = BUILT_PRODUCTS_DIR; };
		9755652C8ED77057323D22E0 /* Pods-Down To Discuss.debug.xcconfig */ = {isa = PBXFileReference; includeInIndex = 1; lastKnownFileType = text.xcconfig; name = "Pods-Down To Discuss.debug.xcconfig"; path = "Pods/Target Support Files/Pods-Down To Discuss/Pods-Down To Discuss.debug.xcconfig"; sourceTree = "<group>"; };
		D839EA810AD78392FF2F6DDF /* Pods-Down To DiscussTests.debug.xcconfig */ = {isa = PBXFileReference; includeInIndex = 1; lastKnownFileType = text.xcconfig; name = "Pods-Down To DiscussTests.debug.xcconfig"; path = "Pods/Target Support Files/Pods-Down To DiscussTests/Pods-Down To DiscussTests.debug.xcconfig"; sourceTree = "<group>"; };
		DC3492E3B853AEB40C44CFEF /* Pods-Down To DiscussTests.release.xcconfig */ = {isa = PBXFileReference; includeInIndex = 1; lastKnownFileType = text.xcconfig; name = "Pods-Down To DiscussTests.release.xcconfig"; path = "Pods/Target Support Files/Pods-Down To DiscussTests/Pods-Down To DiscussTests.release.xcconfig"; sourceTree = "<group>"; };
		DF11697E1FC8C49600C4554C /* HostProfileController.swift */ = {isa = PBXFileReference; lastKnownFileType = sourcecode.swift; path = HostProfileController.swift; sourceTree = "<group>"; };
		DF1169801FC8D51900C4554C /* ReviewViewController.swift */ = {isa = PBXFileReference; lastKnownFileType = sourcecode.swift; path = ReviewViewController.swift; sourceTree = "<group>"; };
		DF1169821FC8E52900C4554C /* HostInfoController.swift */ = {isa = PBXFileReference; lastKnownFileType = sourcecode.swift; path = HostInfoController.swift; sourceTree = "<group>"; };
		DF1169861FC95EEC00C4554C /* Review.swift */ = {isa = PBXFileReference; lastKnownFileType = sourcecode.swift; path = Review.swift; sourceTree = "<group>"; };
		DF116C901FBC24AD00C3C740 /* LoginController.swift */ = {isa = PBXFileReference; lastKnownFileType = sourcecode.swift; path = LoginController.swift; sourceTree = "<group>"; };
		DF116C921FBC2EC700C3C740 /* ProfileController.swift */ = {isa = PBXFileReference; lastKnownFileType = sourcecode.swift; path = ProfileController.swift; sourceTree = "<group>"; };
		DF62D4911FC9FF3900E4F8F3 /* LocationSearchTable.swift */ = {isa = PBXFileReference; lastKnownFileType = sourcecode.swift; path = LocationSearchTable.swift; sourceTree = "<group>"; };
		DF696C2A1FB99AEE006A3DAA /* 4.jpg */ = {isa = PBXFileReference; lastKnownFileType = image.jpeg; name = 4.jpg; path = ../../goodpics/4.jpg; sourceTree = "<group>"; };
		DF696C2B1FB99AEE006A3DAA /* 1.jpg */ = {isa = PBXFileReference; lastKnownFileType = image.jpeg; name = 1.jpg; path = ../../goodpics/1.jpg; sourceTree = "<group>"; };
		DF696C2C1FB99AEF006A3DAA /* 6.jpg */ = {isa = PBXFileReference; lastKnownFileType = image.jpeg; name = 6.jpg; path = ../../goodpics/6.jpg; sourceTree = "<group>"; };
		DF696C2D1FB99AEF006A3DAA /* 2.jpg */ = {isa = PBXFileReference; lastKnownFileType = image.jpeg; name = 2.jpg; path = ../../goodpics/2.jpg; sourceTree = "<group>"; };
		DF696C2E1FB99AEF006A3DAA /* 3.jpg */ = {isa = PBXFileReference; lastKnownFileType = image.jpeg; name = 3.jpg; path = ../../goodpics/3.jpg; sourceTree = "<group>"; };
		DF696C2F1FB99AEF006A3DAA /* 5.jpg */ = {isa = PBXFileReference; lastKnownFileType = image.jpeg; name = 5.jpg; path = ../../goodpics/5.jpg; sourceTree = "<group>"; };
		DF6C4FA71FAC1A0E003CBE57 /* Down To Discuss.app */ = {isa = PBXFileReference; explicitFileType = wrapper.application; includeInIndex = 0; path = "Down To Discuss.app"; sourceTree = BUILT_PRODUCTS_DIR; };
		DF6C4FAA1FAC1A0E003CBE57 /* AppDelegate.swift */ = {isa = PBXFileReference; lastKnownFileType = sourcecode.swift; path = AppDelegate.swift; sourceTree = "<group>"; };
		DF6C4FAC1FAC1A0E003CBE57 /* Leaderboard.swift */ = {isa = PBXFileReference; lastKnownFileType = sourcecode.swift; path = Leaderboard.swift; sourceTree = "<group>"; };
		DF6C4FAE1FAC1A0E003CBE57 /* Home.swift */ = {isa = PBXFileReference; lastKnownFileType = sourcecode.swift; path = Home.swift; sourceTree = "<group>"; };
		DF6C4FB11FAC1A0E003CBE57 /* Base */ = {isa = PBXFileReference; lastKnownFileType = file.storyboard; name = Base; path = Base.lproj/Main.storyboard; sourceTree = "<group>"; };
		DF6C4FB31FAC1A0E003CBE57 /* Assets.xcassets */ = {isa = PBXFileReference; lastKnownFileType = folder.assetcatalog; path = Assets.xcassets; sourceTree = "<group>"; };
		DF6C4FB61FAC1A0E003CBE57 /* Base */ = {isa = PBXFileReference; lastKnownFileType = file.storyboard; name = Base; path = Base.lproj/LaunchScreen.storyboard; sourceTree = "<group>"; };
		DF6C4FB81FAC1A0E003CBE57 /* Info.plist */ = {isa = PBXFileReference; lastKnownFileType = text.plist.xml; path = Info.plist; sourceTree = "<group>"; };
		DF6C4FBD1FAC1A0E003CBE57 /* Down To DiscussTests.xctest */ = {isa = PBXFileReference; explicitFileType = wrapper.cfbundle; includeInIndex = 0; path = "Down To DiscussTests.xctest"; sourceTree = BUILT_PRODUCTS_DIR; };
		DF6C4FC11FAC1A0E003CBE57 /* Down_To_DiscussTests.swift */ = {isa = PBXFileReference; lastKnownFileType = sourcecode.swift; path = Down_To_DiscussTests.swift; sourceTree = "<group>"; };
		DF6C4FC31FAC1A0E003CBE57 /* Info.plist */ = {isa = PBXFileReference; lastKnownFileType = text.plist.xml; path = Info.plist; sourceTree = "<group>"; };
		DF737C1C1FC50428008041E5 /* TutorialContentViewController.swift */ = {isa = PBXFileReference; lastKnownFileType = sourcecode.swift; path = TutorialContentViewController.swift; sourceTree = "<group>"; };
		DF737C1E1FC510F2008041E5 /* TutorialViewController.swift */ = {isa = PBXFileReference; lastKnownFileType = sourcecode.swift; path = TutorialViewController.swift; sourceTree = "<group>"; };
		DFBB23081FBC614300FFC70B /* HostConfirmController.swift */ = {isa = PBXFileReference; lastKnownFileType = sourcecode.swift; path = HostConfirmController.swift; sourceTree = "<group>"; };
		DFBB230A1FBC619A00FFC70B /* HostNotifiedController.swift */ = {isa = PBXFileReference; lastKnownFileType = sourcecode.swift; path = HostNotifiedController.swift; sourceTree = "<group>"; };
		DFBB230C1FBC6BAB00FFC70B /* UserRejectedController.swift */ = {isa = PBXFileReference; lastKnownFileType = sourcecode.swift; path = UserRejectedController.swift; sourceTree = "<group>"; };
		DFBB230E1FBC6BF400FFC70B /* DiscussionInProgressController.swift */ = {isa = PBXFileReference; lastKnownFileType = sourcecode.swift; path = DiscussionInProgressController.swift; sourceTree = "<group>"; };
		DFE168AC1FB106F500D580B5 /* Events.swift */ = {isa = PBXFileReference; fileEncoding = 4; lastKnownFileType = sourcecode.swift; path = Events.swift; sourceTree = "<group>"; };
		DFE168AE1FB1537200D580B5 /* MapAnnotations.swift */ = {isa = PBXFileReference; fileEncoding = 4; lastKnownFileType = sourcecode.swift; path = MapAnnotations.swift; sourceTree = "<group>"; };
		DFE168B41FB1D32F00D580B5 /* emptyStar.png */ = {isa = PBXFileReference; lastKnownFileType = image.png; name = emptyStar.png; path = ../../../P2_redo/emptyStar.png; sourceTree = "<group>"; };
		DFE168B61FB1D34C00D580B5 /* star-128.png */ = {isa = PBXFileReference; lastKnownFileType = image.png; name = "star-128.png"; path = "../../../P2_redo/star-128.png"; sourceTree = "<group>"; };
		DFE168B81FB1D4C200D580B5 /* fiveStars.png */ = {isa = PBXFileReference; lastKnownFileType = image.png; name = fiveStars.png; path = ../../fiveStars.png; sourceTree = "<group>"; };
		DFE168B91FB1D4C200D580B5 /* fourStars.png */ = {isa = PBXFileReference; lastKnownFileType = image.png; name = fourStars.png; path = ../../fourStars.png; sourceTree = "<group>"; };
		DFE168BA1FB1D4C200D580B5 /* oneStar.png */ = {isa = PBXFileReference; lastKnownFileType = image.png; name = oneStar.png; path = ../../oneStar.png; sourceTree = "<group>"; };
		DFE168BB1FB1D4C200D580B5 /* threeStars.png */ = {isa = PBXFileReference; lastKnownFileType = image.png; name = threeStars.png; path = ../../threeStars.png; sourceTree = "<group>"; };
		DFE168BC1FB1D4C200D580B5 /* twoStars.png */ = {isa = PBXFileReference; lastKnownFileType = image.png; name = twoStars.png; path = ../../twoStars.png; sourceTree = "<group>"; };
		DFE168C21FB1D78900D580B5 /* defaultProfile.png */ = {isa = PBXFileReference; lastKnownFileType = image.png; name = defaultProfile.png; path = ../../../P2_redo/defaultProfile.png; sourceTree = "<group>"; };
		DFE168C41FB1E68C00D580B5 /* DiscussionEndPopUpController.swift */ = {isa = PBXFileReference; fileEncoding = 4; lastKnownFileType = sourcecode.swift; path = DiscussionEndPopUpController.swift; sourceTree = "<group>"; };
		DFE168C81FB2A03100D580B5 /* ArrivedViewController.swift */ = {isa = PBXFileReference; fileEncoding = 4; lastKnownFileType = sourcecode.swift; path = ArrivedViewController.swift; sourceTree = "<group>"; };
		DFE168CA1FB2A65800D580B5 /* blueCircle.png */ = {isa = PBXFileReference; lastKnownFileType = image.png; name = blueCircle.png; path = ../../blueCircle.png; sourceTree = "<group>"; };
		DFE168CC1FB2DC4100D580B5 /* OwnerPointsViewController.swift */ = {isa = PBXFileReference; fileEncoding = 4; lastKnownFileType = sourcecode.swift; path = OwnerPointsViewController.swift; sourceTree = "<group>"; };
		DFE52CEB1FAC290E00AFD3B8 /* Profile.swift */ = {isa = PBXFileReference; fileEncoding = 4; lastKnownFileType = sourcecode.swift; path = Profile.swift; sourceTree = "<group>"; };
		DFE52CED1FAC2BA300AFD3B8 /* MainTabBarController.swift */ = {isa = PBXFileReference; fileEncoding = 4; lastKnownFileType = sourcecode.swift; path = MainTabBarController.swift; sourceTree = "<group>"; };
		DFE52CEF1FAC30E600AFD3B8 /* closeUpMap.tiff */ = {isa = PBXFileReference; lastKnownFileType = image.tiff; name = closeUpMap.tiff; path = ../../closeUpMap.tiff; sourceTree = "<group>"; };
		DFE52CF11FAC383E00AFD3B8 /* PopUpViewController.swift */ = {isa = PBXFileReference; fileEncoding = 4; lastKnownFileType = sourcecode.swift; path = PopUpViewController.swift; sourceTree = "<group>"; };
		DFE52CF31FACE5B400AFD3B8 /* DataModel.swift */ = {isa = PBXFileReference; fileEncoding = 4; lastKnownFileType = sourcecode.swift; path = DataModel.swift; sourceTree = "<group>"; };
		DFE52CF61FAE3BE800AFD3B8 /* MapKit.framework */ = {isa = PBXFileReference; lastKnownFileType = wrapper.framework; name = MapKit.framework; path = System/Library/Frameworks/MapKit.framework; sourceTree = SDKROOT; };
		DFE52CF81FAE6D8600AFD3B8 /* CoreLocation.framework */ = {isa = PBXFileReference; lastKnownFileType = wrapper.framework; name = CoreLocation.framework; path = System/Library/Frameworks/CoreLocation.framework; sourceTree = SDKROOT; };
		DFE52CFA1FAE817F00AFD3B8 /* Rectangle.png */ = {isa = PBXFileReference; lastKnownFileType = image.png; name = Rectangle.png; path = ../../Rectangle.png; sourceTree = "<group>"; };
		DFE52CFC1FAE830A00AFD3B8 /* cancelButton.png */ = {isa = PBXFileReference; lastKnownFileType = image.png; name = cancelButton.png; path = ../../cancelButton.png; sourceTree = "<group>"; };
		DFE52CFD1FAE830A00AFD3B8 /* create.png */ = {isa = PBXFileReference; lastKnownFileType = image.png; name = create.png; path = ../../create.png; sourceTree = "<group>"; };
		DFE52D001FAE88ED00AFD3B8 /*  Back Arrow.png */ = {isa = PBXFileReference; lastKnownFileType = image.png; name = " Back Arrow.png"; path = "../../ Back Arrow.png"; sourceTree = "<group>"; };
		DFE52D061FB009E700AFD3B8 /* IntenseTopics.swift */ = {isa = PBXFileReference; fileEncoding = 4; lastKnownFileType = sourcecode.swift; path = IntenseTopics.swift; sourceTree = "<group>"; };
		DFE52D081FB0260700AFD3B8 /* CreateDiscussion.swift */ = {isa = PBXFileReference; fileEncoding = 4; lastKnownFileType = sourcecode.swift; path = CreateDiscussion.swift; sourceTree = "<group>"; };
		DFE52D0A1FB0439B00AFD3B8 /* FunTopics.swift */ = {isa = PBXFileReference; fileEncoding = 4; lastKnownFileType = sourcecode.swift; path = FunTopics.swift; sourceTree = "<group>"; };
		DFE54C8F1FBA35EF005B0184 /* GoogleService-Info.plist */ = {isa = PBXFileReference; fileEncoding = 4; lastKnownFileType = text.plist.xml; path = "GoogleService-Info.plist"; sourceTree = "<group>"; };
/* End PBXFileReference section */

/* Begin PBXFrameworksBuildPhase section */
		DF6C4FA41FAC1A0E003CBE57 /* Frameworks */ = {
			isa = PBXFrameworksBuildPhase;
			buildActionMask = 2147483647;
			files = (
				DFE52CF91FAE6D8600AFD3B8 /* CoreLocation.framework in Frameworks */,
				DFE52CF71FAE3BE800AFD3B8 /* MapKit.framework in Frameworks */,
				5657647831B36EFD42ACCA80 /* Pods_Down_To_Discuss.framework in Frameworks */,
			);
			runOnlyForDeploymentPostprocessing = 0;
		};
		DF6C4FBA1FAC1A0E003CBE57 /* Frameworks */ = {
			isa = PBXFrameworksBuildPhase;
			buildActionMask = 2147483647;
			files = (
				95E1F2D677F9AFC5E2BFBBE6 /* Pods_Down_To_DiscussTests.framework in Frameworks */,
			);
			runOnlyForDeploymentPostprocessing = 0;
		};
/* End PBXFrameworksBuildPhase section */

/* Begin PBXGroup section */
		AD6307648C4F6E22D53D3A86 /* Pods */ = {
			isa = PBXGroup;
			children = (
				9755652C8ED77057323D22E0 /* Pods-Down To Discuss.debug.xcconfig */,
				233F97DDB55F293F27BFA464 /* Pods-Down To Discuss.release.xcconfig */,
				D839EA810AD78392FF2F6DDF /* Pods-Down To DiscussTests.debug.xcconfig */,
				DC3492E3B853AEB40C44CFEF /* Pods-Down To DiscussTests.release.xcconfig */,
			);
			name = Pods;
			sourceTree = "<group>";
		};
		DF6C4F9E1FAC1A0E003CBE57 = {
			isa = PBXGroup;
			children = (
				DF6C4FA91FAC1A0E003CBE57 /* Down To Discuss */,
				DF6C4FC01FAC1A0E003CBE57 /* Down To DiscussTests */,
				DF6C4FA81FAC1A0E003CBE57 /* Products */,
				DFE52CF51FAE3BE700AFD3B8 /* Frameworks */,
				AD6307648C4F6E22D53D3A86 /* Pods */,
			);
			sourceTree = "<group>";
		};
		DF6C4FA81FAC1A0E003CBE57 /* Products */ = {
			isa = PBXGroup;
			children = (
				DF6C4FA71FAC1A0E003CBE57 /* Down To Discuss.app */,
				DF6C4FBD1FAC1A0E003CBE57 /* Down To DiscussTests.xctest */,
			);
			name = Products;
			sourceTree = "<group>";
		};
		DF6C4FA91FAC1A0E003CBE57 /* Down To Discuss */ = {
			isa = PBXGroup;
			children = (
				DFE52CEF1FAC30E600AFD3B8 /* closeUpMap.tiff */,
				DF6C4FAA1FAC1A0E003CBE57 /* AppDelegate.swift */,
				DFE52CF31FACE5B400AFD3B8 /* DataModel.swift */,
				DFE54C8F1FBA35EF005B0184 /* GoogleService-Info.plist */,
				DFE168AC1FB106F500D580B5 /* Events.swift */,
				DFE52CEB1FAC290E00AFD3B8 /* Profile.swift */,
				DF6C4FAC1FAC1A0E003CBE57 /* Leaderboard.swift */,
				DF6C4FAE1FAC1A0E003CBE57 /* Home.swift */,
				DF1169861FC95EEC00C4554C /* Review.swift */,
				DFE168AE1FB1537200D580B5 /* MapAnnotations.swift */,
				DFE52D061FB009E700AFD3B8 /* IntenseTopics.swift */,
				DFE52D081FB0260700AFD3B8 /* CreateDiscussion.swift */,
				DF6C4FB01FAC1A0E003CBE57 /* Main.storyboard */,
				DF62D4911FC9FF3900E4F8F3 /* LocationSearchTable.swift */,
				DF1169821FC8E52900C4554C /* HostInfoController.swift */,
				DF1169801FC8D51900C4554C /* ReviewViewController.swift */,
				DF11697E1FC8C49600C4554C /* HostProfileController.swift */,
				DF737C1E1FC510F2008041E5 /* TutorialViewController.swift */,
				DF737C1C1FC50428008041E5 /* TutorialContentViewController.swift */,
				DFBB230E1FBC6BF400FFC70B /* DiscussionInProgressController.swift */,
				DFBB230C1FBC6BAB00FFC70B /* UserRejectedController.swift */,
				DFBB230A1FBC619A00FFC70B /* HostNotifiedController.swift */,
				DFBB23081FBC614300FFC70B /* HostConfirmController.swift */,
				DF116C921FBC2EC700C3C740 /* ProfileController.swift */,
				DF116C901FBC24AD00C3C740 /* LoginController.swift */,
				DFE168CC1FB2DC4100D580B5 /* OwnerPointsViewController.swift */,
				DFE168C81FB2A03100D580B5 /* ArrivedViewController.swift */,
				DFE168C41FB1E68C00D580B5 /* DiscussionEndPopUpController.swift */,
				DFE52CF11FAC383E00AFD3B8 /* PopUpViewController.swift */,
				DFE52CED1FAC2BA300AFD3B8 /* MainTabBarController.swift */,
				DFE52D0A1FB0439B00AFD3B8 /* FunTopics.swift */,
				DF696C2B1FB99AEE006A3DAA /* 1.jpg */,
				DF696C2D1FB99AEF006A3DAA /* 2.jpg */,
				DF696C2E1FB99AEF006A3DAA /* 3.jpg */,
				DF696C2A1FB99AEE006A3DAA /* 4.jpg */,
				DF696C2F1FB99AEF006A3DAA /* 5.jpg */,
				DF696C2C1FB99AEF006A3DAA /* 6.jpg */,
				DFE168CA1FB2A65800D580B5 /* blueCircle.png */,
				DFE168C21FB1D78900D580B5 /* defaultProfile.png */,
				DFE168B81FB1D4C200D580B5 /* fiveStars.png */,
				DFE168B91FB1D4C200D580B5 /* fourStars.png */,
				DFE168BA1FB1D4C200D580B5 /* oneStar.png */,
				DFE168BB1FB1D4C200D580B5 /* threeStars.png */,
				DFE168BC1FB1D4C200D580B5 /* twoStars.png */,
				DFE168B41FB1D32F00D580B5 /* emptyStar.png */,
				DFE168B61FB1D34C00D580B5 /* star-128.png */,
				DFE52D001FAE88ED00AFD3B8 /*  Back Arrow.png */,
				DFE52CFC1FAE830A00AFD3B8 /* cancelButton.png */,
				DFE52CFD1FAE830A00AFD3B8 /* create.png */,
				DFE52CFA1FAE817F00AFD3B8 /* Rectangle.png */,
				DF6C4FB31FAC1A0E003CBE57 /* Assets.xcassets */,
				DF6C4FB51FAC1A0E003CBE57 /* LaunchScreen.storyboard */,
				DF6C4FB81FAC1A0E003CBE57 /* Info.plist */,
			);
			path = "Down To Discuss";
			sourceTree = "<group>";
		};
		DF6C4FC01FAC1A0E003CBE57 /* Down To DiscussTests */ = {
			isa = PBXGroup;
			children = (
				DF6C4FC11FAC1A0E003CBE57 /* Down_To_DiscussTests.swift */,
				DF6C4FC31FAC1A0E003CBE57 /* Info.plist */,
			);
			path = "Down To DiscussTests";
			sourceTree = "<group>";
		};
		DFE52CF51FAE3BE700AFD3B8 /* Frameworks */ = {
			isa = PBXGroup;
			children = (
				DFE52CF81FAE6D8600AFD3B8 /* CoreLocation.framework */,
				DFE52CF61FAE3BE800AFD3B8 /* MapKit.framework */,
				6B77C73C7AFC8085C82F6C3F /* Pods_Down_To_Discuss.framework */,
				94C5C75C0EA9C54648651069 /* Pods_Down_To_DiscussTests.framework */,
			);
			name = Frameworks;
			sourceTree = "<group>";
		};
/* End PBXGroup section */

/* Begin PBXNativeTarget section */
		DF6C4FA61FAC1A0E003CBE57 /* Down To Discuss */ = {
			isa = PBXNativeTarget;
			buildConfigurationList = DF6C4FC61FAC1A0E003CBE57 /* Build configuration list for PBXNativeTarget "Down To Discuss" */;
			buildPhases = (
				A6BCD7000DD01E9F17BAB3D9 /* [CP] Check Pods Manifest.lock */,
				DF6C4FA31FAC1A0E003CBE57 /* Sources */,
				DF6C4FA41FAC1A0E003CBE57 /* Frameworks */,
				DF6C4FA51FAC1A0E003CBE57 /* Resources */,
				848388406C01D6D24ADCA59A /* [CP] Embed Pods Frameworks */,
				5C38E2FE6BE9F474E0B14557 /* [CP] Copy Pods Resources */,
			);
			buildRules = (
			);
			dependencies = (
			);
			name = "Down To Discuss";
			productName = "Down To Discuss";
			productReference = DF6C4FA71FAC1A0E003CBE57 /* Down To Discuss.app */;
			productType = "com.apple.product-type.application";
		};
		DF6C4FBC1FAC1A0E003CBE57 /* Down To DiscussTests */ = {
			isa = PBXNativeTarget;
			buildConfigurationList = DF6C4FC91FAC1A0E003CBE57 /* Build configuration list for PBXNativeTarget "Down To DiscussTests" */;
			buildPhases = (
				6F376C39228E1C6852A91FA3 /* [CP] Check Pods Manifest.lock */,
				DF6C4FB91FAC1A0E003CBE57 /* Sources */,
				DF6C4FBA1FAC1A0E003CBE57 /* Frameworks */,
				DF6C4FBB1FAC1A0E003CBE57 /* Resources */,
				CDC4DBFF2E0257CBFBD3F14D /* [CP] Embed Pods Frameworks */,
				279F8CEA52E586D4CE3A697D /* [CP] Copy Pods Resources */,
			);
			buildRules = (
			);
			dependencies = (
				DF6C4FBF1FAC1A0E003CBE57 /* PBXTargetDependency */,
			);
			name = "Down To DiscussTests";
			productName = "Down To DiscussTests";
			productReference = DF6C4FBD1FAC1A0E003CBE57 /* Down To DiscussTests.xctest */;
			productType = "com.apple.product-type.bundle.unit-test";
		};
/* End PBXNativeTarget section */

/* Begin PBXProject section */
		DF6C4F9F1FAC1A0E003CBE57 /* Project object */ = {
			isa = PBXProject;
			attributes = {
				LastSwiftUpdateCheck = 0820;
				LastUpgradeCheck = 0820;
				ORGANIZATIONNAME = cs160_team;
				TargetAttributes = {
					DF6C4FA61FAC1A0E003CBE57 = {
						CreatedOnToolsVersion = 8.2.1;
						DevelopmentTeam = 2EDYV58479;
						ProvisioningStyle = Automatic;
						SystemCapabilities = {
							com.apple.BackgroundModes = {
								enabled = 1;
							};
						};
					};
					DF6C4FBC1FAC1A0E003CBE57 = {
						CreatedOnToolsVersion = 8.2.1;
						DevelopmentTeam = 2EDYV58479;
						ProvisioningStyle = Automatic;
						TestTargetID = DF6C4FA61FAC1A0E003CBE57;
					};
				};
			};
			buildConfigurationList = DF6C4FA21FAC1A0E003CBE57 /* Build configuration list for PBXProject "Down To Discuss" */;
			compatibilityVersion = "Xcode 3.2";
			developmentRegion = English;
			hasScannedForEncodings = 0;
			knownRegions = (
				en,
				Base,
			);
			mainGroup = DF6C4F9E1FAC1A0E003CBE57;
			productRefGroup = DF6C4FA81FAC1A0E003CBE57 /* Products */;
			projectDirPath = "";
			projectRoot = "";
			targets = (
				DF6C4FA61FAC1A0E003CBE57 /* Down To Discuss */,
				DF6C4FBC1FAC1A0E003CBE57 /* Down To DiscussTests */,
			);
		};
/* End PBXProject section */

/* Begin PBXResourcesBuildPhase section */
		DF6C4FA51FAC1A0E003CBE57 /* Resources */ = {
			isa = PBXResourcesBuildPhase;
			buildActionMask = 2147483647;
			files = (
				DFE168BD1FB1D4C200D580B5 /* fiveStars.png in Resources */,
				DF696C311FB99AF0006A3DAA /* 1.jpg in Resources */,
				DFE168BE1FB1D4C200D580B5 /* fourStars.png in Resources */,
				DFE52CFB1FAE817F00AFD3B8 /* Rectangle.png in Resources */,
				DFE168B71FB1D34C00D580B5 /* star-128.png in Resources */,
				DFE168C01FB1D4C200D580B5 /* threeStars.png in Resources */,
				DFE168B51FB1D32F00D580B5 /* emptyStar.png in Resources */,
				DF696C301FB99AF0006A3DAA /* 4.jpg in Resources */,
				DF6C4FB71FAC1A0E003CBE57 /* LaunchScreen.storyboard in Resources */,
				DF696C331FB99AF0006A3DAA /* 2.jpg in Resources */,
				DF6C4FB41FAC1A0E003CBE57 /* Assets.xcassets in Resources */,
				DF696C341FB99AF0006A3DAA /* 3.jpg in Resources */,
				DFE52CFF1FAE830A00AFD3B8 /* create.png in Resources */,
				DF6C4FB21FAC1A0E003CBE57 /* Main.storyboard in Resources */,
				DFE168C11FB1D4C200D580B5 /* twoStars.png in Resources */,
				DFE168C31FB1D78900D580B5 /* defaultProfile.png in Resources */,
				DF696C321FB99AF0006A3DAA /* 6.jpg in Resources */,
				DFE54C901FBA35F0005B0184 /* GoogleService-Info.plist in Resources */,
				DFE52CF01FAC30E600AFD3B8 /* closeUpMap.tiff in Resources */,
				DFE52D011FAE88ED00AFD3B8 /*  Back Arrow.png in Resources */,
				DF696C351FB99AF0006A3DAA /* 5.jpg in Resources */,
				DFE52CFE1FAE830A00AFD3B8 /* cancelButton.png in Resources */,
				DFE168BF1FB1D4C200D580B5 /* oneStar.png in Resources */,
				DFE168CB1FB2A65800D580B5 /* blueCircle.png in Resources */,
			);
			runOnlyForDeploymentPostprocessing = 0;
		};
		DF6C4FBB1FAC1A0E003CBE57 /* Resources */ = {
			isa = PBXResourcesBuildPhase;
			buildActionMask = 2147483647;
			files = (
			);
			runOnlyForDeploymentPostprocessing = 0;
		};
/* End PBXResourcesBuildPhase section */

/* Begin PBXShellScriptBuildPhase section */
		279F8CEA52E586D4CE3A697D /* [CP] Copy Pods Resources */ = {
			isa = PBXShellScriptBuildPhase;
			buildActionMask = 2147483647;
			files = (
			);
			inputPaths = (
			);
			name = "[CP] Copy Pods Resources";
			outputPaths = (
			);
			runOnlyForDeploymentPostprocessing = 0;
			shellPath = /bin/sh;
			shellScript = "\"${SRCROOT}/Pods/Target Support Files/Pods-Down To DiscussTests/Pods-Down To DiscussTests-resources.sh\"\n";
			showEnvVarsInLog = 0;
		};
		5C38E2FE6BE9F474E0B14557 /* [CP] Copy Pods Resources */ = {
			isa = PBXShellScriptBuildPhase;
			buildActionMask = 2147483647;
			files = (
			);
			inputPaths = (
			);
			name = "[CP] Copy Pods Resources";
			outputPaths = (
			);
			runOnlyForDeploymentPostprocessing = 0;
			shellPath = /bin/sh;
			shellScript = "\"${SRCROOT}/Pods/Target Support Files/Pods-Down To Discuss/Pods-Down To Discuss-resources.sh\"\n";
			showEnvVarsInLog = 0;
		};
		6F376C39228E1C6852A91FA3 /* [CP] Check Pods Manifest.lock */ = {
			isa = PBXShellScriptBuildPhase;
			buildActionMask = 2147483647;
			files = (
			);
			inputPaths = (
				"${PODS_PODFILE_DIR_PATH}/Podfile.lock",
				"${PODS_ROOT}/Manifest.lock",
			);
			name = "[CP] Check Pods Manifest.lock";
			outputPaths = (
				"$(DERIVED_FILE_DIR)/Pods-Down To DiscussTests-checkManifestLockResult.txt",
			);
			runOnlyForDeploymentPostprocessing = 0;
			shellPath = /bin/sh;
			shellScript = "diff \"${PODS_PODFILE_DIR_PATH}/Podfile.lock\" \"${PODS_ROOT}/Manifest.lock\" > /dev/null\nif [ $? != 0 ] ; then\n    # print error to STDERR\n    echo \"error: The sandbox is not in sync with the Podfile.lock. Run 'pod install' or update your CocoaPods installation.\" >&2\n    exit 1\nfi\n# This output is used by Xcode 'outputs' to avoid re-running this script phase.\necho \"SUCCESS\" > \"${SCRIPT_OUTPUT_FILE_0}\"\n";
			showEnvVarsInLog = 0;
		};
		848388406C01D6D24ADCA59A /* [CP] Embed Pods Frameworks */ = {
			isa = PBXShellScriptBuildPhase;
			buildActionMask = 2147483647;
			files = (
			);
			inputPaths = (
				"${SRCROOT}/Pods/Target Support Files/Pods-Down To Discuss/Pods-Down To Discuss-frameworks.sh",
				"${BUILT_PRODUCTS_DIR}/GTMSessionFetcher/GTMSessionFetcher.framework",
				"${BUILT_PRODUCTS_DIR}/GoogleToolboxForMac/GoogleToolboxForMac.framework",
				"${BUILT_PRODUCTS_DIR}/leveldb-library/leveldb.framework",
				"${BUILT_PRODUCTS_DIR}/nanopb/nanopb.framework",
			);
			name = "[CP] Embed Pods Frameworks";
			outputPaths = (
				"${TARGET_BUILD_DIR}/${FRAMEWORKS_FOLDER_PATH}/GTMSessionFetcher.framework",
				"${TARGET_BUILD_DIR}/${FRAMEWORKS_FOLDER_PATH}/GoogleToolboxForMac.framework",
				"${TARGET_BUILD_DIR}/${FRAMEWORKS_FOLDER_PATH}/leveldb.framework",
				"${TARGET_BUILD_DIR}/${FRAMEWORKS_FOLDER_PATH}/nanopb.framework",
			);
			runOnlyForDeploymentPostprocessing = 0;
			shellPath = /bin/sh;
			shellScript = "\"${SRCROOT}/Pods/Target Support Files/Pods-Down To Discuss/Pods-Down To Discuss-frameworks.sh\"\n";
			showEnvVarsInLog = 0;
		};
		A6BCD7000DD01E9F17BAB3D9 /* [CP] Check Pods Manifest.lock */ = {
			isa = PBXShellScriptBuildPhase;
			buildActionMask = 2147483647;
			files = (
			);
			inputPaths = (
				"${PODS_PODFILE_DIR_PATH}/Podfile.lock",
				"${PODS_ROOT}/Manifest.lock",
			);
			name = "[CP] Check Pods Manifest.lock";
			outputPaths = (
				"$(DERIVED_FILE_DIR)/Pods-Down To Discuss-checkManifestLockResult.txt",
			);
			runOnlyForDeploymentPostprocessing = 0;
			shellPath = /bin/sh;
			shellScript = "diff \"${PODS_PODFILE_DIR_PATH}/Podfile.lock\" \"${PODS_ROOT}/Manifest.lock\" > /dev/null\nif [ $? != 0 ] ; then\n    # print error to STDERR\n    echo \"error: The sandbox is not in sync with the Podfile.lock. Run 'pod install' or update your CocoaPods installation.\" >&2\n    exit 1\nfi\n# This output is used by Xcode 'outputs' to avoid re-running this script phase.\necho \"SUCCESS\" > \"${SCRIPT_OUTPUT_FILE_0}\"\n";
			showEnvVarsInLog = 0;
		};
		CDC4DBFF2E0257CBFBD3F14D /* [CP] Embed Pods Frameworks */ = {
			isa = PBXShellScriptBuildPhase;
			buildActionMask = 2147483647;
			files = (
			);
			inputPaths = (
			);
			name = "[CP] Embed Pods Frameworks";
			outputPaths = (
			);
			runOnlyForDeploymentPostprocessing = 0;
			shellPath = /bin/sh;
			shellScript = "\"${SRCROOT}/Pods/Target Support Files/Pods-Down To DiscussTests/Pods-Down To DiscussTests-frameworks.sh\"\n";
			showEnvVarsInLog = 0;
		};
/* End PBXShellScriptBuildPhase section */

/* Begin PBXSourcesBuildPhase section */
		DF6C4FA31FAC1A0E003CBE57 /* Sources */ = {
			isa = PBXSourcesBuildPhase;
			buildActionMask = 2147483647;
			files = (
				DF737C1D1FC50428008041E5 /* TutorialContentViewController.swift in Sources */,
				DFBB230F1FBC6BF400FFC70B /* DiscussionInProgressController.swift in Sources */,
				DFBB230D1FBC6BAB00FFC70B /* UserRejectedController.swift in Sources */,
				DF6C4FAF1FAC1A0E003CBE57 /* Home.swift in Sources */,
				DFE168CD1FB2DC4100D580B5 /* OwnerPointsViewController.swift in Sources */,
				DFE168AD1FB106F500D580B5 /* Events.swift in Sources */,
				DFE52CEC1FAC290E00AFD3B8 /* Profile.swift in Sources */,
				DF62D4921FC9FF3900E4F8F3 /* LocationSearchTable.swift in Sources */,
				DFE168AF1FB1537200D580B5 /* MapAnnotations.swift in Sources */,
				DF116C931FBC2EC700C3C740 /* ProfileController.swift in Sources */,
				DFBB23091FBC614300FFC70B /* HostConfirmController.swift in Sources */,
				DFE52CF21FAC383E00AFD3B8 /* PopUpViewController.swift in Sources */,
				DF737C1F1FC510F2008041E5 /* TutorialViewController.swift in Sources */,
				DFE52CEE1FAC2BA300AFD3B8 /* MainTabBarController.swift in Sources */,
				DFBB230B1FBC619A00FFC70B /* HostNotifiedController.swift in Sources */,
				DFE52CF41FACE5B400AFD3B8 /* DataModel.swift in Sources */,
				DFE52D0B1FB0439B00AFD3B8 /* FunTopics.swift in Sources */,
				DFE52D071FB009E700AFD3B8 /* IntenseTopics.swift in Sources */,
				DF1169831FC8E52900C4554C /* HostInfoController.swift in Sources */,
				DF1169811FC8D51900C4554C /* ReviewViewController.swift in Sources */,
				DF11697F1FC8C49600C4554C /* HostProfileController.swift in Sources */,
				DF1169871FC95EED00C4554C /* Review.swift in Sources */,
				DF6C4FAB1FAC1A0E003CBE57 /* AppDelegate.swift in Sources */,
				DF116C911FBC24AD00C3C740 /* LoginController.swift in Sources */,
				DF6C4FAD1FAC1A0E003CBE57 /* Leaderboard.swift in Sources */,
				DFE168C51FB1E68C00D580B5 /* DiscussionEndPopUpController.swift in Sources */,
				DFE168C91FB2A03100D580B5 /* ArrivedViewController.swift in Sources */,
				DFE52D091FB0260700AFD3B8 /* CreateDiscussion.swift in Sources */,
			);
			runOnlyForDeploymentPostprocessing = 0;
		};
		DF6C4FB91FAC1A0E003CBE57 /* Sources */ = {
			isa = PBXSourcesBuildPhase;
			buildActionMask = 2147483647;
			files = (
				DF6C4FC21FAC1A0E003CBE57 /* Down_To_DiscussTests.swift in Sources */,
			);
			runOnlyForDeploymentPostprocessing = 0;
		};
/* End PBXSourcesBuildPhase section */

/* Begin PBXTargetDependency section */
		DF6C4FBF1FAC1A0E003CBE57 /* PBXTargetDependency */ = {
			isa = PBXTargetDependency;
			target = DF6C4FA61FAC1A0E003CBE57 /* Down To Discuss */;
			targetProxy = DF6C4FBE1FAC1A0E003CBE57 /* PBXContainerItemProxy */;
		};
/* End PBXTargetDependency section */

/* Begin PBXVariantGroup section */
		DF6C4FB01FAC1A0E003CBE57 /* Main.storyboard */ = {
			isa = PBXVariantGroup;
			children = (
				DF6C4FB11FAC1A0E003CBE57 /* Base */,
			);
			name = Main.storyboard;
			sourceTree = "<group>";
		};
		DF6C4FB51FAC1A0E003CBE57 /* LaunchScreen.storyboard */ = {
			isa = PBXVariantGroup;
			children = (
				DF6C4FB61FAC1A0E003CBE57 /* Base */,
			);
			name = LaunchScreen.storyboard;
			sourceTree = "<group>";
		};
/* End PBXVariantGroup section */

/* Begin XCBuildConfiguration section */
		DF6C4FC41FAC1A0E003CBE57 /* Debug */ = {
			isa = XCBuildConfiguration;
			buildSettings = {
				ALWAYS_SEARCH_USER_PATHS = NO;
				CLANG_ANALYZER_NONNULL = YES;
				CLANG_CXX_LANGUAGE_STANDARD = "gnu++0x";
				CLANG_CXX_LIBRARY = "libc++";
				CLANG_ENABLE_MODULES = YES;
				CLANG_ENABLE_OBJC_ARC = YES;
				CLANG_WARN_BOOL_CONVERSION = YES;
				CLANG_WARN_CONSTANT_CONVERSION = YES;
				CLANG_WARN_DIRECT_OBJC_ISA_USAGE = YES_ERROR;
				CLANG_WARN_DOCUMENTATION_COMMENTS = YES;
				CLANG_WARN_EMPTY_BODY = YES;
				CLANG_WARN_ENUM_CONVERSION = YES;
				CLANG_WARN_INFINITE_RECURSION = YES;
				CLANG_WARN_INT_CONVERSION = YES;
				CLANG_WARN_OBJC_ROOT_CLASS = YES_ERROR;
				CLANG_WARN_SUSPICIOUS_MOVE = YES;
				CLANG_WARN_UNREACHABLE_CODE = YES;
				CLANG_WARN__DUPLICATE_METHOD_MATCH = YES;
				"CODE_SIGN_IDENTITY[sdk=iphoneos*]" = "iPhone Developer";
				COPY_PHASE_STRIP = NO;
				DEBUG_INFORMATION_FORMAT = dwarf;
				ENABLE_STRICT_OBJC_MSGSEND = YES;
				ENABLE_TESTABILITY = YES;
				GCC_C_LANGUAGE_STANDARD = gnu99;
				GCC_DYNAMIC_NO_PIC = NO;
				GCC_NO_COMMON_BLOCKS = YES;
				GCC_OPTIMIZATION_LEVEL = 0;
				GCC_PREPROCESSOR_DEFINITIONS = (
					"DEBUG=1",
					"$(inherited)",
				);
				GCC_WARN_64_TO_32_BIT_CONVERSION = YES;
				GCC_WARN_ABOUT_RETURN_TYPE = YES_ERROR;
				GCC_WARN_UNDECLARED_SELECTOR = YES;
				GCC_WARN_UNINITIALIZED_AUTOS = YES_AGGRESSIVE;
				GCC_WARN_UNUSED_FUNCTION = YES;
				GCC_WARN_UNUSED_VARIABLE = YES;
				IPHONEOS_DEPLOYMENT_TARGET = 10.2;
				MTL_ENABLE_DEBUG_INFO = YES;
				ONLY_ACTIVE_ARCH = YES;
				SDKROOT = iphoneos;
				SWIFT_ACTIVE_COMPILATION_CONDITIONS = DEBUG;
				SWIFT_OPTIMIZATION_LEVEL = "-Onone";
			};
			name = Debug;
		};
		DF6C4FC51FAC1A0E003CBE57 /* Release */ = {
			isa = XCBuildConfiguration;
			buildSettings = {
				ALWAYS_SEARCH_USER_PATHS = NO;
				CLANG_ANALYZER_NONNULL = YES;
				CLANG_CXX_LANGUAGE_STANDARD = "gnu++0x";
				CLANG_CXX_LIBRARY = "libc++";
				CLANG_ENABLE_MODULES = YES;
				CLANG_ENABLE_OBJC_ARC = YES;
				CLANG_WARN_BOOL_CONVERSION = YES;
				CLANG_WARN_CONSTANT_CONVERSION = YES;
				CLANG_WARN_DIRECT_OBJC_ISA_USAGE = YES_ERROR;
				CLANG_WARN_DOCUMENTATION_COMMENTS = YES;
				CLANG_WARN_EMPTY_BODY = YES;
				CLANG_WARN_ENUM_CONVERSION = YES;
				CLANG_WARN_INFINITE_RECURSION = YES;
				CLANG_WARN_INT_CONVERSION = YES;
				CLANG_WARN_OBJC_ROOT_CLASS = YES_ERROR;
				CLANG_WARN_SUSPICIOUS_MOVE = YES;
				CLANG_WARN_UNREACHABLE_CODE = YES;
				CLANG_WARN__DUPLICATE_METHOD_MATCH = YES;
				"CODE_SIGN_IDENTITY[sdk=iphoneos*]" = "iPhone Developer";
				COPY_PHASE_STRIP = NO;
				DEBUG_INFORMATION_FORMAT = "dwarf-with-dsym";
				ENABLE_NS_ASSERTIONS = NO;
				ENABLE_STRICT_OBJC_MSGSEND = YES;
				GCC_C_LANGUAGE_STANDARD = gnu99;
				GCC_NO_COMMON_BLOCKS = YES;
				GCC_WARN_64_TO_32_BIT_CONVERSION = YES;
				GCC_WARN_ABOUT_RETURN_TYPE = YES_ERROR;
				GCC_WARN_UNDECLARED_SELECTOR = YES;
				GCC_WARN_UNINITIALIZED_AUTOS = YES_AGGRESSIVE;
				GCC_WARN_UNUSED_FUNCTION = YES;
				GCC_WARN_UNUSED_VARIABLE = YES;
				IPHONEOS_DEPLOYMENT_TARGET = 10.2;
				MTL_ENABLE_DEBUG_INFO = NO;
				SDKROOT = iphoneos;
				SWIFT_OPTIMIZATION_LEVEL = "-Owholemodule";
				VALIDATE_PRODUCT = YES;
			};
			name = Release;
		};
		DF6C4FC71FAC1A0E003CBE57 /* Debug */ = {
			isa = XCBuildConfiguration;
			baseConfigurationReference = 9755652C8ED77057323D22E0 /* Pods-Down To Discuss.debug.xcconfig */;
			buildSettings = {
				ASSETCATALOG_COMPILER_APPICON_NAME = AppIcon;
				DEVELOPMENT_TEAM = 2EDYV58479;
				INFOPLIST_FILE = "Down To Discuss/Info.plist";
				LD_RUNPATH_SEARCH_PATHS = "$(inherited) @executable_path/Frameworks";
				PRODUCT_BUNDLE_IDENTIFIER = com.downtodiscuss.app;
				PRODUCT_NAME = "$(TARGET_NAME)";
				SWIFT_VERSION = 3.0;
			};
			name = Debug;
		};
		DF6C4FC81FAC1A0E003CBE57 /* Release */ = {
			isa = XCBuildConfiguration;
			baseConfigurationReference = 233F97DDB55F293F27BFA464 /* Pods-Down To Discuss.release.xcconfig */;
			buildSettings = {
				ASSETCATALOG_COMPILER_APPICON_NAME = AppIcon;
				DEVELOPMENT_TEAM = 2EDYV58479;
				INFOPLIST_FILE = "Down To Discuss/Info.plist";
				LD_RUNPATH_SEARCH_PATHS = "$(inherited) @executable_path/Frameworks";
				PRODUCT_BUNDLE_IDENTIFIER = com.downtodiscuss.app;
				PRODUCT_NAME = "$(TARGET_NAME)";
				SWIFT_VERSION = 3.0;
			};
			name = Release;
		};
		DF6C4FCA1FAC1A0E003CBE57 /* Debug */ = {
			isa = XCBuildConfiguration;
			baseConfigurationReference = D839EA810AD78392FF2F6DDF /* Pods-Down To DiscussTests.debug.xcconfig */;
			buildSettings = {
				ALWAYS_EMBED_SWIFT_STANDARD_LIBRARIES = YES;
				BUNDLE_LOADER = "$(TEST_HOST)";
				DEVELOPMENT_TEAM = 2EDYV58479;
				INFOPLIST_FILE = "Down To DiscussTests/Info.plist";
				LD_RUNPATH_SEARCH_PATHS = "$(inherited) @executable_path/Frameworks @loader_path/Frameworks";
				PRODUCT_BUNDLE_IDENTIFIER = "com.example.Down-To-DiscussTests";
				PRODUCT_NAME = "$(TARGET_NAME)";
				SWIFT_VERSION = 3.0;
				TEST_HOST = "$(BUILT_PRODUCTS_DIR)/Down To Discuss.app/Down To Discuss";
			};
			name = Debug;
		};
		DF6C4FCB1FAC1A0E003CBE57 /* Release */ = {
			isa = XCBuildConfiguration;
			baseConfigurationReference = DC3492E3B853AEB40C44CFEF /* Pods-Down To DiscussTests.release.xcconfig */;
			buildSettings = {
				ALWAYS_EMBED_SWIFT_STANDARD_LIBRARIES = YES;
				BUNDLE_LOADER = "$(TEST_HOST)";
				DEVELOPMENT_TEAM = 2EDYV58479;
				INFOPLIST_FILE = "Down To DiscussTests/Info.plist";
				LD_RUNPATH_SEARCH_PATHS = "$(inherited) @executable_path/Frameworks @loader_path/Frameworks";
				PRODUCT_BUNDLE_IDENTIFIER = "com.example.Down-To-DiscussTests";
				PRODUCT_NAME = "$(TARGET_NAME)";
				SWIFT_VERSION = 3.0;
				TEST_HOST = "$(BUILT_PRODUCTS_DIR)/Down To Discuss.app/Down To Discuss";
			};
			name = Release;
		};
/* End XCBuildConfiguration section */

/* Begin XCConfigurationList section */
		DF6C4FA21FAC1A0E003CBE57 /* Build configuration list for PBXProject "Down To Discuss" */ = {
			isa = XCConfigurationList;
			buildConfigurations = (
				DF6C4FC41FAC1A0E003CBE57 /* Debug */,
				DF6C4FC51FAC1A0E003CBE57 /* Release */,
			);
			defaultConfigurationIsVisible = 0;
			defaultConfigurationName = Release;
		};
		DF6C4FC61FAC1A0E003CBE57 /* Build configuration list for PBXNativeTarget "Down To Discuss" */ = {
			isa = XCConfigurationList;
			buildConfigurations = (
				DF6C4FC71FAC1A0E003CBE57 /* Debug */,
				DF6C4FC81FAC1A0E003CBE57 /* Release */,
			);
			defaultConfigurationIsVisible = 0;
			defaultConfigurationName = Release;
		};
		DF6C4FC91FAC1A0E003CBE57 /* Build configuration list for PBXNativeTarget "Down To DiscussTests" */ = {
			isa = XCConfigurationList;
			buildConfigurations = (
				DF6C4FCA1FAC1A0E003CBE57 /* Debug */,
				DF6C4FCB1FAC1A0E003CBE57 /* Release */,
			);
			defaultConfigurationIsVisible = 0;
			defaultConfigurationName = Release;
		};
/* End XCConfigurationList section */
	};
	rootObject = DF6C4F9F1FAC1A0E003CBE57 /* Project object */;
}
